
Microsoft Visual Studio Solution File, Format Version 12.00
Project("{FAE04EC0-301F-11D3-BF4B-00C04F79EFBC}") = "MusicCatalog.Domain", "MusicCatalog.Domain\MusicCatalog.Domain.csproj", "{1A009897-1917-467B-A2C1-973DDDE18E15}"
EndProject
Project("{FAE04EC0-301F-11D3-BF4B-00C04F79EFBC}") = "MusicCatalog.Application", "MusicCatalog.Application\MusicCatalog.Application.csproj", "{272F063C-9F2C-4730-963E-B95166EEF264}"
EndProject
Project("{FAE04EC0-301F-11D3-BF4B-00C04F79EFBC}") = "MusicCatalog.MemoryPersistence", "MusicCatalog.MemoryPersistence\MusicCatalog.MemoryPersistence.csproj", "{9E93E9B4-9719-4CA5-9C30-6D7B556D9B35}"
EndProject
Project("{FAE04EC0-301F-11D3-BF4B-00C04F79EFBC}") = "MusicCatalog.RazorPagesView", "MusicCatalog.RazorPagesView\MusicCatalog.RazorPagesView.csproj", "{F049C5A5-417E-4BEC-9FFC-28D9149D3DC1}"
EndProject
Global
	GlobalSection(SolutionConfigurationPlatforms) = preSolution
		Debug|Any CPU = Debug|Any CPU
		Release|Any CPU = Release|Any CPU
	EndGlobalSection
	GlobalSection(ProjectConfigurationPlatforms) = postSolution
		{1A009897-1917-467B-A2C1-973DDDE18E15}.Debug|Any CPU.ActiveCfg = Debug|Any CPU
		{1A009897-1917-467B-A2C1-973DDDE18E15}.Debug|Any CPU.Build.0 = Debug|Any CPU
		{1A009897-1917-467B-A2C1-973DDDE18E15}.Release|Any CPU.ActiveCfg = Release|Any CPU
		{1A009897-1917-467B-A2C1-973DDDE18E15}.Release|Any CPU.Build.0 = Release|Any CPU
		{272F063C-9F2C-4730-963E-B95166EEF264}.Debug|Any CPU.ActiveCfg = Debug|Any CPU
		{272F063C-9F2C-4730-963E-B95166EEF264}.Debug|Any CPU.Build.0 = Debug|Any CPU
		{272F063C-9F2C-4730-963E-B95166EEF264}.Release|Any CPU.ActiveCfg = Release|Any CPU
		{272F063C-9F2C-4730-963E-B95166EEF264}.Release|Any CPU.Build.0 = Release|Any CPU
		{9E93E9B4-9719-4CA5-9C30-6D7B556D9B35}.Debug|Any CPU.ActiveCfg = Debug|Any CPU
		{9E93E9B4-9719-4CA5-9C30-6D7B556D9B35}.Debug|Any CPU.Build.0 = Debug|Any CPU
		{9E93E9B4-9719-4CA5-9C30-6D7B556D9B35}.Release|Any CPU.ActiveCfg = Release|Any CPU
		{9E93E9B4-9719-4CA5-9C30-6D7B556D9B35}.Release|Any CPU.Build.0 = Release|Any CPU
		{F049C5A5-417E-4BEC-9FFC-28D9149D3DC1}.Debug|Any CPU.ActiveCfg = Debug|Any CPU
		{F049C5A5-417E-4BEC-9FFC-28D9149D3DC1}.Debug|Any CPU.Build.0 = Debug|Any CPU
		{F049C5A5-417E-4BEC-9FFC-28D9149D3DC1}.Release|Any CPU.ActiveCfg = Release|Any CPU
		{F049C5A5-417E-4BEC-9FFC-28D9149D3DC1}.Release|Any CPU.Build.0 = Release|Any CPU
	EndGlobalSection
EndGlobal
